PODS:
  - Alamofire (5.0.4)
  - AlamofireImage (4.0.3):
    - Alamofire (< 6.0.0, >= 5.0.2)
  - Aspects (1.4.1)
  - AVOSCloud (12.1.2)
  - KMNavigationBarTransition (1.1.5)
  - MGJRouter_Swift (0.1.2)
  - SnapKit (5.0.1)
  - SwiftyJSON (5.0.0)
  - YYModel (1.0.4)

DEPENDENCIES:
  - Alamofire
  - AlamofireImage
  - Aspects
  - AVOSCloud
  - KMNavigationBarTransition
  - MGJRouter_Swift
  - SnapKit
  - SwiftyJSON
  - YYModel

SPEC REPOS:
  https://github.com/CocoaPods/Specs.git:
    - Alamofire
    - AlamofireImage
    - Aspects
    - AVOSCloud
    - KMNavigationBarTransition
    - MGJRouter_Swift
    - SnapKit
    - SwiftyJSON
    - YYModel

SPEC CHECKSUMS:
  Alamofire: 0fe5fd24b4298dc377a6550da7d5f1b30e286fcb
  AlamofireImage: 3d1a2010519e58675318735580eb856e88840ff7
  Aspects: 7595ba96a6727a58ebcbfc954497fc5d2fdde546
  AVOSCloud: 2b7219f503cd0f14c64ee123768a0360ab7a335a
  KMNavigationBarTransition: 7a52c9bc25b39b6e3343e980b453facee1591b82
  MGJRouter_Swift: ae89cc7c4c82618b636cc9c7b15636e516080d3c
  SnapKit: 97b92857e3df3a0c71833cce143274bf6ef8e5eb
  SwiftyJSON: 36413e04c44ee145039d332b4f4e2d3e8d6c4db7
  YYModel: 2a7fdd96aaa4b86a824e26d0c517de8928c04b30

PODFILE CHECKSUM: 609d8f6bfc65940b86320562cf55fa13ceca4b27

COCOAPODS: 1.9.0.beta.3
