PODS:
  - Alamofire (4.2.0)
  - HandyJSON (1.4.0)
  - SwiftyJSON (3.1.3)

DEPENDENCIES:
  - Alamofire
  - HandyJSON
  - SwiftyJSON

SPEC CHECKSUMS:
  Alamofire: aa2e09d871c9160ac53c90e83c68064a94e3dfbe
  HandyJSON: 8aa98b0ece8c5f7a9042bccd33b0254448704bcb
  SwiftyJSON: 38a8ea2006779c0fc4c310cb2ee8195327740faf

PODFILE CHECKSUM: 48b0df6fe2be0aa551d48edabf52ee7ce2813040

COCOAPODS: 1.1.1
